
Microsoft Visual Studio Solution File, Format Version 12.00
# Visual Studio Version 16
VisualStudioVersion = 16.0.29503.13
MinimumVisualStudioVersion = 10.0.40219.1
Project("{9A19103F-16F7-4668-BE54-9A1E7A4F7556}") = "ApiService", "ApiService\ApiService.csproj", "{38F72F72-0341-48BE-83D8-32BCB6014F01}"
EndProject
Project("{9A19103F-16F7-4668-BE54-9A1E7A4F7556}") = "Contracts", "Contracts\Contracts.csproj", "{56CA2456-487A-42C6-8A12-CAD44CDDEF1D}"
EndProject
Project("{9A19103F-16F7-4668-BE54-9A1E7A4F7556}") = "Entities", "Entities\Entities.csproj", "{3FB771D7-E146-4FD0-B34E-57A062B5D4A2}"
EndProject
Project("{9A19103F-16F7-4668-BE54-9A1E7A4F7556}") = "Repository", "Repository\Repository.csproj", "{58EF6329-FF9D-4292-8E10-A6113FD903A6}"
EndProject
Project("{9A19103F-16F7-4668-BE54-9A1E7A4F7556}") = "Service", "Service\Service.csproj", "{D8F10959-1017-475B-BDB6-CC6251EE666E}"
EndProject
Project("{FAE04EC0-301F-11D3-BF4B-00C04F79EFBC}") = "CommonUtils", "CommonUtils\CommonUtils.csproj", "{F5D5324D-4351-4B6D-BA9F-25C6DA66CC1B}"
EndProject
Global
	GlobalSection(SolutionConfigurationPlatforms) = preSolution
		Debug|Any CPU = Debug|Any CPU
		Release|Any CPU = Release|Any CPU
	EndGlobalSection
	GlobalSection(ProjectConfigurationPlatforms) = postSolution
		{38F72F72-0341-48BE-83D8-32BCB6014F01}.Debug|Any CPU.ActiveCfg = Debug|Any CPU
		{38F72F72-0341-48BE-83D8-32BCB6014F01}.Debug|Any CPU.Build.0 = Debug|Any CPU
		{38F72F72-0341-48BE-83D8-32BCB6014F01}.Release|Any CPU.ActiveCfg = Release|Any CPU
		{38F72F72-0341-48BE-83D8-32BCB6014F01}.Release|Any CPU.Build.0 = Release|Any CPU
		{56CA2456-487A-42C6-8A12-CAD44CDDEF1D}.Debug|Any CPU.ActiveCfg = Debug|Any CPU
		{56CA2456-487A-42C6-8A12-CAD44CDDEF1D}.Debug|Any CPU.Build.0 = Debug|Any CPU
		{56CA2456-487A-42C6-8A12-CAD44CDDEF1D}.Release|Any CPU.ActiveCfg = Release|Any CPU
		{56CA2456-487A-42C6-8A12-CAD44CDDEF1D}.Release|Any CPU.Build.0 = Release|Any CPU
		{3FB771D7-E146-4FD0-B34E-57A062B5D4A2}.Debug|Any CPU.ActiveCfg = Debug|Any CPU
		{3FB771D7-E146-4FD0-B34E-57A062B5D4A2}.Debug|Any CPU.Build.0 = Debug|Any CPU
		{3FB771D7-E146-4FD0-B34E-57A062B5D4A2}.Release|Any CPU.ActiveCfg = Release|Any CPU
		{3FB771D7-E146-4FD0-B34E-57A062B5D4A2}.Release|Any CPU.Build.0 = Release|Any CPU
		{58EF6329-FF9D-4292-8E10-A6113FD903A6}.Debug|Any CPU.ActiveCfg = Debug|Any CPU
		{58EF6329-FF9D-4292-8E10-A6113FD903A6}.Debug|Any CPU.Build.0 = Debug|Any CPU
		{58EF6329-FF9D-4292-8E10-A6113FD903A6}.Release|Any CPU.ActiveCfg = Release|Any CPU
		{58EF6329-FF9D-4292-8E10-A6113FD903A6}.Release|Any CPU.Build.0 = Release|Any CPU
		{D8F10959-1017-475B-BDB6-CC6251EE666E}.Debug|Any CPU.ActiveCfg = Debug|Any CPU
		{D8F10959-1017-475B-BDB6-CC6251EE666E}.Debug|Any CPU.Build.0 = Debug|Any CPU
		{D8F10959-1017-475B-BDB6-CC6251EE666E}.Release|Any CPU.ActiveCfg = Release|Any CPU
		{D8F10959-1017-475B-BDB6-CC6251EE666E}.Release|Any CPU.Build.0 = Release|Any CPU
		{F5D5324D-4351-4B6D-BA9F-25C6DA66CC1B}.Debug|Any CPU.ActiveCfg = Debug|Any CPU
		{F5D5324D-4351-4B6D-BA9F-25C6DA66CC1B}.Debug|Any CPU.Build.0 = Debug|Any CPU
		{F5D5324D-4351-4B6D-BA9F-25C6DA66CC1B}.Release|Any CPU.ActiveCfg = Release|Any CPU
		{F5D5324D-4351-4B6D-BA9F-25C6DA66CC1B}.Release|Any CPU.Build.0 = Release|Any CPU
	EndGlobalSection
	GlobalSection(SolutionProperties) = preSolution
		HideSolutionNode = FALSE
	EndGlobalSection
	GlobalSection(ExtensibilityGlobals) = postSolution
		SolutionGuid = {77A247A2-AEDF-4663-BE1C-DD8A323523A8}
	EndGlobalSection
EndGlobal
